
Microsoft Visual Studio Solution File, Format Version 12.00
# Visual Studio Version 17
VisualStudioVersion = 17.12.35707.178
MinimumVisualStudioVersion = 10.0.40219.1
Project("{FAE04EC0-301F-11D3-BF4B-00C04F79EFBC}") = "SolPwr.DomainModel", "SolPwr.DomainModel\SolPwr.DomainModel.csproj", "{40D7E332-8185-479A-BD5E-264ECDB35C04}"
EndProject
Project("{FAE04EC0-301F-11D3-BF4B-00C04F79EFBC}") = "SolPwr.DomainModel.Orm", "SolPwr.DomainModel.Orm\SolPwr.DomainModel.Orm.csproj", "{78E5E0EE-F4E8-4589-8CA3-91C74C8DA6B8}"
EndProject
Project("{FAE04EC0-301F-11D3-BF4B-00C04F79EFBC}") = "SolPwr.Integrations.Meteo", "SolPwr.Integrations.Meteo\SolPwr.Integrations.Meteo.csproj", "{52132C20-0827-4648-9269-5269115F8B4E}"
EndProject
Project("{FAE04EC0-301F-11D3-BF4B-00C04F79EFBC}") = "SolPwr.Core", "SolPwr.Core\SolPwr.Core.csproj", "{02B98975-057A-49F8-9C6A-FFEF92D74DCB}"
EndProject
Project("{FAE04EC0-301F-11D3-BF4B-00C04F79EFBC}") = "SolPwr.Application.Api", "SolPwr.Application.Api\SolPwr.Application.Api.csproj", "{FF73D0BA-7CCA-4F5F-B0CE-A910B2D2C06B}"
EndProject
Project("{FAE04EC0-301F-11D3-BF4B-00C04F79EFBC}") = "SolPwr.Protocols", "SolPwr.Protocols\SolPwr.Protocols.csproj", "{A537E408-859E-4AFD-AABE-E1C3AA317506}"
EndProject
Global
	GlobalSection(SolutionConfigurationPlatforms) = preSolution
		Debug|Any CPU = Debug|Any CPU
		Release|Any CPU = Release|Any CPU
	EndGlobalSection
	GlobalSection(ProjectConfigurationPlatforms) = postSolution
		{40D7E332-8185-479A-BD5E-264ECDB35C04}.Debug|Any CPU.ActiveCfg = Debug|Any CPU
		{40D7E332-8185-479A-BD5E-264ECDB35C04}.Debug|Any CPU.Build.0 = Debug|Any CPU
		{40D7E332-8185-479A-BD5E-264ECDB35C04}.Release|Any CPU.ActiveCfg = Release|Any CPU
		{40D7E332-8185-479A-BD5E-264ECDB35C04}.Release|Any CPU.Build.0 = Release|Any CPU
		{78E5E0EE-F4E8-4589-8CA3-91C74C8DA6B8}.Debug|Any CPU.ActiveCfg = Debug|Any CPU
		{78E5E0EE-F4E8-4589-8CA3-91C74C8DA6B8}.Debug|Any CPU.Build.0 = Debug|Any CPU
		{78E5E0EE-F4E8-4589-8CA3-91C74C8DA6B8}.Release|Any CPU.ActiveCfg = Release|Any CPU
		{78E5E0EE-F4E8-4589-8CA3-91C74C8DA6B8}.Release|Any CPU.Build.0 = Release|Any CPU
		{52132C20-0827-4648-9269-5269115F8B4E}.Debug|Any CPU.ActiveCfg = Debug|Any CPU
		{52132C20-0827-4648-9269-5269115F8B4E}.Debug|Any CPU.Build.0 = Debug|Any CPU
		{52132C20-0827-4648-9269-5269115F8B4E}.Release|Any CPU.ActiveCfg = Release|Any CPU
		{52132C20-0827-4648-9269-5269115F8B4E}.Release|Any CPU.Build.0 = Release|Any CPU
		{02B98975-057A-49F8-9C6A-FFEF92D74DCB}.Debug|Any CPU.ActiveCfg = Debug|Any CPU
		{02B98975-057A-49F8-9C6A-FFEF92D74DCB}.Debug|Any CPU.Build.0 = Debug|Any CPU
		{02B98975-057A-49F8-9C6A-FFEF92D74DCB}.Release|Any CPU.ActiveCfg = Release|Any CPU
		{02B98975-057A-49F8-9C6A-FFEF92D74DCB}.Release|Any CPU.Build.0 = Release|Any CPU
		{FF73D0BA-7CCA-4F5F-B0CE-A910B2D2C06B}.Debug|Any CPU.ActiveCfg = Debug|Any CPU
		{FF73D0BA-7CCA-4F5F-B0CE-A910B2D2C06B}.Debug|Any CPU.Build.0 = Debug|Any CPU
		{FF73D0BA-7CCA-4F5F-B0CE-A910B2D2C06B}.Release|Any CPU.ActiveCfg = Release|Any CPU
		{FF73D0BA-7CCA-4F5F-B0CE-A910B2D2C06B}.Release|Any CPU.Build.0 = Release|Any CPU
		{A537E408-859E-4AFD-AABE-E1C3AA317506}.Debug|Any CPU.ActiveCfg = Debug|Any CPU
		{A537E408-859E-4AFD-AABE-E1C3AA317506}.Debug|Any CPU.Build.0 = Debug|Any CPU
		{A537E408-859E-4AFD-AABE-E1C3AA317506}.Release|Any CPU.ActiveCfg = Release|Any CPU
		{A537E408-859E-4AFD-AABE-E1C3AA317506}.Release|Any CPU.Build.0 = Release|Any CPU
	EndGlobalSection
	GlobalSection(SolutionProperties) = preSolution
		HideSolutionNode = FALSE
	EndGlobalSection
EndGlobal
