
Microsoft Visual Studio Solution File, Format Version 12.00
# Visual Studio Version 17
VisualStudioVersion = 17.12.35707.178
MinimumVisualStudioVersion = 10.0.40219.1
Project("{FAE04EC0-301F-11D3-BF4B-00C04F79EFBC}") = "SolPwr.DomainModel", "SolPwr.DomainModel\SolPwr.DomainModel.csproj", "{40D7E332-8185-479A-BD5E-264ECDB35C04}"
EndProject
Project("{FAE04EC0-301F-11D3-BF4B-00C04F79EFBC}") = "SolPwr.DomainModel.Orm", "SolPwr.DomainModel.Orm\SolPwr.DomainModel.Orm.csproj", "{78E5E0EE-F4E8-4589-8CA3-91C74C8DA6B8}"
EndProject
Global
	GlobalSection(SolutionConfigurationPlatforms) = preSolution
		Debug|Any CPU = Debug|Any CPU
		Release|Any CPU = Release|Any CPU
	EndGlobalSection
	GlobalSection(ProjectConfigurationPlatforms) = postSolution
		{40D7E332-8185-479A-BD5E-264ECDB35C04}.Debug|Any CPU.ActiveCfg = Debug|Any CPU
		{40D7E332-8185-479A-BD5E-264ECDB35C04}.Debug|Any CPU.Build.0 = Debug|Any CPU
		{40D7E332-8185-479A-BD5E-264ECDB35C04}.Release|Any CPU.ActiveCfg = Release|Any CPU
		{40D7E332-8185-479A-BD5E-264ECDB35C04}.Release|Any CPU.Build.0 = Release|Any CPU
		{78E5E0EE-F4E8-4589-8CA3-91C74C8DA6B8}.Debug|Any CPU.ActiveCfg = Debug|Any CPU
		{78E5E0EE-F4E8-4589-8CA3-91C74C8DA6B8}.Debug|Any CPU.Build.0 = Debug|Any CPU
		{78E5E0EE-F4E8-4589-8CA3-91C74C8DA6B8}.Release|Any CPU.ActiveCfg = Release|Any CPU
		{78E5E0EE-F4E8-4589-8CA3-91C74C8DA6B8}.Release|Any CPU.Build.0 = Release|Any CPU
	EndGlobalSection
	GlobalSection(SolutionProperties) = preSolution
		HideSolutionNode = FALSE
	EndGlobalSection
EndGlobal
